<?xml version="1.0" encoding="utf-8"?>
<Project ToolsVersion="4.0" xmlns="http://schemas.microsoft.com/developer/msbuild/2003">
  <ItemGroup>
    <Filter Include="Source Files">
      <UniqueIdentifier>{4FC737F1-C7A5-4376-A066-2A32D752A2FF}</UniqueIdentifier>
      <Extensions>cpp;c;cc;cxx;def;odl;idl;hpj;bat;asm;asmx</Extensions>
    </Filter>
    <Filter Include="Header Files">
      <UniqueIdentifier>{93995380-89BD-4b04-88EB-625FBE52EBFB}</UniqueIdentifier>
      <Extensions>h;hh;hpp;hxx;hm;inl;inc;xsd</Extensions>
    </Filter>
    <Filter Include="Resource Files">
      <UniqueIdentifier>{67DA6AB6-F800-4c08-8B7A-83BB121AAD01}</UniqueIdentifier>
      <Extensions>rc;ico;cur;bmp;dlg;rc2;rct;bin;rgs;gif;jpg;jpeg;jpe;resx;tiff;tif;png;wav;mfcribbon-ms</Extensions>
    </Filter>
    <Filter Include="Resource Files\Texture">
      <UniqueIdentifier>{a98f9708-1a1e-4f51-8d5d-095c64994777}</UniqueIdentifier>
    </Filter>
    <Filter Include="Resource Files\Model">
      <UniqueIdentifier>{0a462e09-9f98-4eb2-9db8-27f10b18eb8f}</UniqueIdentifier>
    </Filter>
    <Filter Include="Resource Files\Shader">
      <UniqueIdentifier>{1b7b10e7-5271-4024-a7f2-517235188cf0}</UniqueIdentifier>
    </Filter>
    <Filter Include="Resource Files\Shader\Vertex">
      <UniqueIdentifier>{0df268c2-74ca-4eed-b4e2-b6bc5079ca0e}</UniqueIdentifier>
    </Filter>
    <Filter Include="Resource Files\Shader\Pixel">
      <UniqueIdentifier>{9534fc2b-71b5-454d-9b30-d677315a9b86}</UniqueIdentifier>
    </Filter>
    <Filter Include="Resource Files\Sound">
      <UniqueIdentifier>{0897cc38-ff90-4c2e-a214-9f5af7eddea5}</UniqueIdentifier>
    </Filter>
  </ItemGroup>
  <ItemGroup>
    <ClInclude Include="Graphics.h">
      <Filter>Header Files</Filter>
    </ClInclude>
    <ClInclude Include="Input.h">
      <Filter>Header Files</Filter>
    </ClInclude>
    <ClInclude Include="System.h">
      <Filter>Header Files</Filter>
    </ClInclude>
    <ClInclude Include="Direct3D.h">
      <Filter>Header Files</Filter>
    </ClInclude>
    <ClInclude Include="Camera.h">
      <Filter>Header Files</Filter>
    </ClInclude>
    <ClInclude Include="Texture.h">
      <Filter>Header Files</Filter>
    </ClInclude>
    <ClInclude Include="Model.h">
      <Filter>Header Files</Filter>
    </ClInclude>
    <ClInclude Include="RenderTexture.h">
      <Filter>Header Files</Filter>
    </ClInclude>
    <ClInclude Include="GlassShader.h">
      <Filter>Header Files</Filter>
    </ClInclude>
    <ClInclude Include="TextureShader.h">
      <Filter>Header Files</Filter>
    </ClInclude>
  </ItemGroup>
  <ItemGroup>
    <ClCompile Include="Graphics.cpp">
      <Filter>Source Files</Filter>
    </ClCompile>
    <ClCompile Include="main.cpp">
      <Filter>Source Files</Filter>
    </ClCompile>
    <ClCompile Include="Input.cpp">
      <Filter>Source Files</Filter>
    </ClCompile>
    <ClCompile Include="System.cpp">
      <Filter>Source Files</Filter>
    </ClCompile>
    <ClCompile Include="Direct3D.cpp">
      <Filter>Source Files</Filter>
    </ClCompile>
    <ClCompile Include="Camera.cpp">
      <Filter>Source Files</Filter>
    </ClCompile>
    <ClCompile Include="Texture.cpp">
      <Filter>Source Files</Filter>
    </ClCompile>
    <ClCompile Include="Model.cpp">
      <Filter>Source Files</Filter>
    </ClCompile>
    <ClCompile Include="RenderTexture.cpp">
      <Filter>Source Files</Filter>
    </ClCompile>
    <ClCompile Include="GlassShader.cpp">
      <Filter>Source Files</Filter>
    </ClCompile>
    <ClCompile Include="TextureShader.cpp">
      <Filter>Source Files</Filter>
    </ClCompile>
  </ItemGroup>
  <ItemGroup>
    <FxCompile Include="GlassPixelShader.hlsl">
      <Filter>Resource Files\Shader\Pixel</Filter>
    </FxCompile>
    <FxCompile Include="GlassVertexShader.hlsl">
      <Filter>Resource Files\Shader\Vertex</Filter>
    </FxCompile>
    <FxCompile Include="TextureVertexShader.hlsl">
      <Filter>Resource Files\Shader\Vertex</Filter>
    </FxCompile>
    <FxCompile Include="TexturePixelShader.hlsl">
      <Filter>Resource Files\Shader\Pixel</Filter>
    </FxCompile>
  </ItemGroup>
  <ItemGroup>
    <Image Include="bump03.dds">
      <Filter>Resource Files\Texture</Filter>
    </Image>
    <Image Include="glass01.dds">
      <Filter>Resource Files\Texture</Filter>
    </Image>
    <Image Include="ice01.dds">
      <Filter>Resource Files\Texture</Filter>
    </Image>
    <Image Include="icebump01.dds">
      <Filter>Resource Files\Texture</Filter>
    </Image>
    <Image Include="seafloor.dds">
      <Filter>Resource Files\Texture</Filter>
    </Image>
  </ItemGroup>
  <ItemGroup>
    <Text Include="cube.txt">
      <Filter>Resource Files\Model</Filter>
    </Text>
    <Text Include="square.txt">
      <Filter>Resource Files\Model</Filter>
    </Text>
  </ItemGroup>
</Project>